
Microsoft Visual Studio Solution File, Format Version 12.00
# Visual Studio Version 17
VisualStudioVersion = 17.5.33414.496
MinimumVisualStudioVersion = 10.0.40219.1
Project("{FAE04EC0-301F-11D3-BF4B-00C04F79EFBC}") = "TVA", "TVA\TVA.csproj", "{A0EE4A0E-0A3D-40BB-8B46-AEA1FFEBD852}"
EndProject
Global
	GlobalSection(SolutionConfigurationPlatforms) = preSolution
		Debug|Any CPU = Debug|Any CPU
		Release|Any CPU = Release|Any CPU
	EndGlobalSection
	GlobalSection(ProjectConfigurationPlatforms) = postSolution
		{A0EE4A0E-0A3D-40BB-8B46-AEA1FFEBD852}.Debug|Any CPU.ActiveCfg = Debug|Any CPU
		{A0EE4A0E-0A3D-40BB-8B46-AEA1FFEBD852}.Debug|Any CPU.Build.0 = Debug|Any CPU
		{A0EE4A0E-0A3D-40BB-8B46-AEA1FFEBD852}.Release|Any CPU.ActiveCfg = Release|Any CPU
		{A0EE4A0E-0A3D-40BB-8B46-AEA1FFEBD852}.Release|Any CPU.Build.0 = Release|Any CPU
	EndGlobalSection
	GlobalSection(SolutionProperties) = preSolution
		HideSolutionNode = FALSE
	EndGlobalSection
	GlobalSection(ExtensibilityGlobals) = postSolution
		SolutionGuid = {F0ADC4C9-08CB-4FC6-AB43-FB92C716E499}
	EndGlobalSection
EndGlobal
